{
  "lockfile_version": "1",
  "packages": {
    "ansible@2.21.3": {
      "last_modified": "2026-08-27T07:16:00Z",
      "resolved": "github:NixOS/nixpkgs/c27cdad491a991b11ed731760aa2ef8db0cb0410#ansible",
      "source": "devbox-search",
      "version": "2.21.3",
      "systems": {
        "aarch64-darwin": {
          "outputs": [
            {
              "name": "out",
              "path": "/nix/store/s9xygrq5kiyz0qvkjm0glrn7bykjibmw-python3.14-ansible-core-2.21.3",
              "default": true
            },
            {
              "name": "dist",
              "path": "/nix/store/kkgzfg6j63hmdwlfjyz15cql82g04ydb-python3.14-ansible-core-2.21.3-dist"
            }
          ],
          "store_path": "/nix/store/s9xygrq5kiyz0qvkjm0glrn7bykjibmw-python3.14-ansible-core-2.21.3"
        },
        "aarch64-linux": {
          "outputs": [
            {
              "name": "out",
              "path": "/nix/store/lhb08cg5k3wsg9s0xafmj1i1x9dgfgh9-python3.14-ansible-core-2.21.3",
              "default": true
            },
            {
              "name": "dist",
              "path": "/nix/store/fhnhjlnv60952rkz1z1m26lgnhz8yvdx-python3.14-ansible-core-2.21.3-dist"
            }
          ],
          "store_path": "/nix/store/lhb08cg5k3wsg9s0xafmj1i1x9dgfgh9-python3.14-ansible-core-2.21.3"
        },
        "x86_64-linux": {
          "outputs": [
            {
              "name": "out",
              "path": "/nix/store/khvfvdk8r3qqp4smfx6k9nj1igf302ax-python3.14-ansible-core-2.21.3",
              "default": true
            },
            {
              "name": "dist",
              "path": "/nix/store/c11dlhkm01rvg8xwdfi6y08c6la42gk0-python3.14-ansible-core-2.21.3-dist"
            }
          ],
          "store_path": "/nix/store/khvfvdk8r3qqp4smfx6k9nj1igf302ax-python3.14-ansible-core-2.21.3"
        }
      }
    },
    "awscli2@2.35.11": {
      "last_modified": "2026-08-27T07:16:00Z",
      "resolved": "github:NixOS/nixpkgs/c27cdad491a991b11ed731760aa2ef8db0cb0410#awscli2",
      "source": "devbox-search",
      "version": "2.35.11",
      "systems": {
        "aarch64-darwin": {
          "outputs": [
            {
              "name": "out",
              "path": "/nix/store/c7spfvdqx0pncpna86a0mr4gbijypafj-awscli2-2.35.11",
              "default": true
            },
            {
              "name": "dist",
              "path": "/nix/store/0fpbgg1lbnbvp86frya5gflxmw8llcgl-awscli2-2.35.11-dist"
            }
          ],
          "store_path": "/nix/store/c7spfvdqx0pncpna86a0mr4gbijypafj-awscli2-2.35.11"
        },
        "aarch64-linux": {
          "outputs": [
            {
              "name": "out",
              "path": "/nix/store/p2wk9123jdj2r54hs4ww98xz4977i45k-awscli2-2.35.11",
              "default": true
            },
            {
              "name": "dist",
              "path": "/nix/store/k8hsh6lx774578fxq37prw6vh984srpa-awscli2-2.35.11-dist"
            }
          ],
          "store_path": "/nix/store/p2wk9123jdj2r54hs4ww98xz4977i45k-awscli2-2.35.11"
        },
        "x86_64-linux": {
          "outputs": [
            {
              "name": "out",
              "path": "/nix/store/f7cmpy9nszykh5gfjpxh5ks3pa78nssr-awscli2-2.35.11",
              "default": true
            },
            {
              "name": "dist",
              "path": "/nix/store/nbppn3jrc8h7gp9yc4w7vs7l7d0r3lx1-awscli2-2.35.11-dist"
            }
          ],
          "store_path": "/nix/store/f7cmpy9nszykh5gfjpxh5ks3pa78nssr-awscli2-2.35.11"
        }
      }
    },
    "git@2.55.0": {
      "last_modified": "2026-08-27T07:16:00Z",
      "resolved": "github:NixOS/nixpkgs/c27cdad491a991b11ed731760aa2ef8db0cb0410#git",
      "source": "devbox-search",
      "version": "2.55.0",
      "systems": {
        "aarch64-darwin": {
          "outputs": [
            {
              "name": "out",
              "path": "/nix/store/yqw09igi72yxpgy3d1b25vbh5l8rx227-git-2.55.0",
              "default": true
            },
            {
              "name": "doc",
              "path": "/nix/store/i8y217wsan9w8l62m7w2a0rrnmviaqqk-git-2.55.0-doc"
            }
          ],
          "store_path": "/nix/store/yqw09igi72yxpgy3d1b25vbh5l8rx227-git-2.55.0"
        },
        "aarch64-linux": {
          "outputs": [
            {
              "name": "out",
              "path": "/nix/store/clxhwm4v3gl0k3hazm0zpx14gz2w0clz-git-2.55.0",
              "default": true
            },
            {
              "name": "debug",
              "path": "/nix/store/1asxbx6r55sylz2ljdzk6404i0w28iri-git-2.55.0-debug"
            },
            {
              "name": "doc",
              "path": "/nix/store/ryn8xbxi2i1d2dharz9r7kb2ymqfgkyw-git-2.55.0-doc"
            }
          ],
          "store_path": "/nix/store/clxhwm4v3gl0k3hazm0zpx14gz2w0clz-git-2.55.0"
        },
        "x86_64-linux": {
          "outputs": [
            {
              "name": "out",
              "path": "/nix/store/8yjpgadavqdwphcd2kw4dfvxmgdp5sb3-git-2.55.0",
              "default": true
            },
            {
              "name": "debug",
              "path": "/nix/store/xf0wk67lvyxg1bkwi2rf6iszxlvj0yxj-git-2.55.0-debug"
            },
            {
              "name": "doc",
              "path": "/nix/store/yvx5ayi3k6gh8xgk9yxc9gpy0jb7f14l-git-2.55.0-doc"
            }
          ],
          "store_path": "/nix/store/8yjpgadavqdwphcd2kw4dfvxmgdp5sb3-git-2.55.0"
        }
      }
    },
    "github:NixOS/nixpkgs/nixpkgs-unstable": {
      "last_modified": "2026-04-16T08:46:55Z",
      "resolved": "github:NixOS/nixpkgs/b86751bc4085f48661017fa226dee99fab6c651b?lastModified=1776329215"
    },
    "google-cloud-sdk@581.0.0": {
      "last_modified": "2026-08-27T07:16:00Z",
      "resolved": "github:NixOS/nixpkgs/c27cdad491a991b11ed731760aa2ef8db0cb0410#google-cloud-sdk",
      "source": "devbox-search",
      "version": "581.0.0",
      "systems": {
        "aarch64-darwin": {
          "outputs": [
            {
              "name": "out",
              "path": "/nix/store/qsdbsgrg2xwbvm646dimiyldpcay6hic-google-cloud-sdk-581.0.0",
              "default": true
            }
          ],
          "store_path": "/nix/store/qsdbsgrg2xwbvm646dimiyldpcay6hic-google-cloud-sdk-581.0.0"
        },
        "aarch64-linux": {
          "outputs": [
            {
              "name": "out",
              "path": "/nix/store/y57qbpg99aw5mpvyrf3m6v7x3rpn7cg5-google-cloud-sdk-581.0.0",
              "default": true
            }
          ],
          "store_path": "/nix/store/y57qbpg99aw5mpvyrf3m6v7x3rpn7cg5-google-cloud-sdk-581.0.0"
        },
        "x86_64-linux": {
          "outputs": [
            {
              "name": "out",
              "path": "/nix/store/2ggzr6l9lpg8bz6zvpbxmmrqdhbw6y9r-google-cloud-sdk-581.0.0",
              "default": true
            }
          ],
          "store_path": "/nix/store/2ggzr6l9lpg8bz6zvpbxmmrqdhbw6y9r-google-cloud-sdk-581.0.0"
        }
      }
    },
    "just@0.11.2": {
      "last_modified": "2022-02-20T08:57:45Z",
      "resolved": "github:NixOS/nixpkgs/7feed2c0bec4161c83509d18089784cfcef49667#just",
      "source": "devbox-search",
      "version": "0.11.2"
    },
    "packer@1.15.4": {
      "last_modified": "2026-08-27T07:16:00Z",
      "resolved": "github:NixOS/nixpkgs/c27cdad491a991b11ed731760aa2ef8db0cb0410#packer",
      "source": "devbox-search",
      "version": "1.15.4",
      "systems": {
        "aarch64-darwin": {
          "outputs": [
            {
              "name": "out",
              "path": "/nix/store/crk1jcy99pha58ymx0zvaln7kwzbc9y4-packer-1.15.4",
              "default": true
            }
          ],
          "store_path": "/nix/store/crk1jcy99pha58ymx0zvaln7kwzbc9y4-packer-1.15.4"
        },
        "aarch64-linux": {
          "outputs": [
            {
              "name": "out",
              "path": "/nix/store/02mazsgwpdiy0agc8pdhb0wqw719pxxy-packer-1.15.4",
              "default": true
            }
          ],
          "store_path": "/nix/store/02mazsgwpdiy0agc8pdhb0wqw719pxxy-packer-1.15.4"
        },
        "x86_64-darwin": {
          "outputs": [
            {
              "name": "out",
              "path": "/nix/store/npyph52ys6yrgcz53nr3qj8x79gn9nlf-packer-1.15.4",
              "default": true
            }
          ],
          "store_path": "/nix/store/npyph52ys6yrgcz53nr3qj8x79gn9nlf-packer-1.15.4"
        },
        "x86_64-linux": {
          "outputs": [
            {
              "name": "out",
              "path": "/nix/store/ywxg9y5n3cal7a28vc5qvixh2jd9xij1-packer-1.15.4",
              "default": true
            }
          ],
          "store_path": "/nix/store/ywxg9y5n3cal7a28vc5qvixh2jd9xij1-packer-1.15.4"
        }
      }
    },
    "python@latest": {
      "last_modified": "2026-04-16T08:46:55Z",
      "plugin_version": "0.0.5",
      "resolved": "github:NixOS/nixpkgs/b86751bc4085f48661017fa226dee99fab6c651b#python314",
      "source": "devbox-search",
      "version": "3.14.3",
      "systems": {
        "aarch64-darwin": {
          "outputs": [
            {
              "name": "out",
              "path": "/nix/store/dfkim8vahgdqhk1lrxz1j4mcighlrk99-python3-3.14.3",
              "default": true
            }
          ],
          "store_path": "/nix/store/dfkim8vahgdqhk1lrxz1j4mcighlrk99-python3-3.14.3"
        },
        "aarch64-linux": {
          "outputs": [
            {
              "name": "out",
              "path": "/nix/store/s33vdxkahhrdbyrqyw8yn71kzr44l6a0-python3-3.14.3",
              "default": true
            },
            {
              "name": "debug",
              "path": "/nix/store/q82pzlagc8igcmi0gd9d15nbyh75450g-python3-3.14.3-debug"
            }
          ],
          "store_path": "/nix/store/s33vdxkahhrdbyrqyw8yn71kzr44l6a0-python3-3.14.3"
        },
        "x86_64-darwin": {
          "outputs": [
            {
              "name": "out",
              "path": "/nix/store/vinh1kffaxdk2x5s2fqx3x56x4hgcpwr-python3-3.14.3",
              "default": true
            }
          ],
          "store_path": "/nix/store/vinh1kffaxdk2x5s2fqx3x56x4hgcpwr-python3-3.14.3"
        },
        "x86_64-linux": {
          "outputs": [
            {
              "name": "out",
              "path": "/nix/store/qr0wqh2damb6asnyz4jkx61id5yg3qh2-python3-3.14.3",
              "default": true
            },
            {
              "name": "debug",
              "path": "/nix/store/c3piq5blycxhicidsmfc0nih01r0svxq-python3-3.14.3-debug"
            }
          ],
          "store_path": "/nix/store/qr0wqh2damb6asnyz4jkx61id5yg3qh2-python3-3.14.3"
        }
      }
    },
    "qemu@11.1.0": {
      "last_modified": "2026-08-27T23:47:58Z",
      "resolved": "github:NixOS/nixpkgs/7d1a7c21a4c00ea653fc7ed5c083d261340f185f#qemu",
      "source": "devbox-search",
      "version": "11.1.0",
      "systems": {
        "aarch64-darwin": {
          "outputs": [
            {
              "name": "out",
              "path": "/nix/store/d7zjj9g3g6zsc9ygfw27fkfcg1x490m8-qemu-11.1.0",
              "default": true
            },
            {
              "name": "doc",
              "path": "/nix/store/al2g2qjzkzbximhd8bl94lm9r2c5hjcj-qemu-11.1.0-doc"
            }
          ],
          "store_path": "/nix/store/d7zjj9g3g6zsc9ygfw27fkfcg1x490m8-qemu-11.1.0"
        },
        "aarch64-linux": {
          "outputs": [
            {
              "name": "out",
              "path": "/nix/store/4b5rcpjizwx0iaby9y2l73xsci5lwrzp-qemu-11.1.0",
              "default": true
            },
            {
              "name": "debug",
              "path": "/nix/store/2vgq59v50r52dlma54hgva1jbxly00sy-qemu-11.1.0-debug"
            },
            {
              "name": "doc",
              "path": "/nix/store/zh1fgzwh9ggiasy2wigpn00kk7028bqv-qemu-11.1.0-doc"
            },
            {
              "name": "ga",
              "path": "/nix/store/ryfscv0fawhbpj5q65mp3pxw3iby9qg2-qemu-11.1.0-ga"
            }
          ],
          "store_path": "/nix/store/4b5rcpjizwx0iaby9y2l73xsci5lwrzp-qemu-11.1.0"
        },
        "x86_64-linux": {
          "outputs": [
            {
              "name": "out",
              "path": "/nix/store/gx222l0zm41h4zqrgpb07nc0brwpv3nk-qemu-11.1.0",
              "default": true
            },
            {
              "name": "debug",
              "path": "/nix/store/0in9macig8cvdc8bh5xs42ma9zwmdalv-qemu-11.1.0-debug"
            },
            {
              "name": "doc",
              "path": "/nix/store/yhi36ga0c5dg2mh5xrnp06dmqxxpyc9c-qemu-11.1.0-doc"
            },
            {
              "name": "ga",
              "path": "/nix/store/bxgc917jljhc2qwk02d6hrr76iw4mg18-qemu-11.1.0-ga"
            }
          ],
          "store_path": "/nix/store/gx222l0zm41h4zqrgpb07nc0brwpv3nk-qemu-11.1.0"
        }
      }
    }
  }
}
