{
  "lockfile_version": "1",
  "packages": {
    "ansible@2.21.3": {
      "last_modified": "2026-09-13T01:58:51Z",
      "resolved": "github:NixOS/nixpkgs/02f5696b0e6097e589076d886b317b83ff0437d7#ansible",
      "source": "devbox-search",
      "version": "2.21.3",
      "systems": {
        "aarch64-darwin": {
          "outputs": [
            {
              "name": "out",
              "path": "/nix/store/jyn9899p762ai68lqy6kcdp6rb3npqrx-python3.14-ansible-core-2.21.3",
              "default": true
            },
            {
              "name": "dist",
              "path": "/nix/store/vc2f5nra23hn5akmnkgmrs47ny7d1g17-python3.14-ansible-core-2.21.3-dist"
            }
          ],
          "store_path": "/nix/store/jyn9899p762ai68lqy6kcdp6rb3npqrx-python3.14-ansible-core-2.21.3"
        },
        "aarch64-linux": {
          "outputs": [
            {
              "name": "out",
              "path": "/nix/store/7mx8jfz197pcm4a462gxx56040gagpxv-python3.14-ansible-core-2.21.3",
              "default": true
            },
            {
              "name": "dist",
              "path": "/nix/store/rfknslw4p6509sarkm2jzi634j1jjhlr-python3.14-ansible-core-2.21.3-dist"
            }
          ],
          "store_path": "/nix/store/7mx8jfz197pcm4a462gxx56040gagpxv-python3.14-ansible-core-2.21.3"
        },
        "x86_64-linux": {
          "outputs": [
            {
              "name": "out",
              "path": "/nix/store/pvnr310pjvk6lynx2g9k06b2pja5x6rw-python3.14-ansible-core-2.21.3",
              "default": true
            },
            {
              "name": "dist",
              "path": "/nix/store/wyj7nmraabw8cs0pyksa57m8cjsif9yf-python3.14-ansible-core-2.21.3-dist"
            }
          ],
          "store_path": "/nix/store/pvnr310pjvk6lynx2g9k06b2pja5x6rw-python3.14-ansible-core-2.21.3"
        }
      }
    },
    "awscli2@2.35.11": {
      "last_modified": "2026-09-27T03:42:02Z",
      "resolved": "github:NixOS/nixpkgs/8d5d270900d3fc75655ea2d9d248b234f6631439#awscli2",
      "source": "devbox-search",
      "version": "2.35.11",
      "systems": {
        "aarch64-darwin": {
          "outputs": [
            {
              "name": "out",
              "path": "/nix/store/16099xhab793k0s4c4i1sxylmnhxdb22-awscli2-2.35.11",
              "default": true
            },
            {
              "name": "dist",
              "path": "/nix/store/1bm67rqdsdqkg1vngggn6njr57fi9qnr-awscli2-2.35.11-dist"
            }
          ],
          "store_path": "/nix/store/16099xhab793k0s4c4i1sxylmnhxdb22-awscli2-2.35.11"
        },
        "aarch64-linux": {
          "outputs": [
            {
              "name": "out",
              "path": "/nix/store/z1ysa2s6scdd2w8galqq10b78sv4kmyn-awscli2-2.35.11",
              "default": true
            },
            {
              "name": "dist",
              "path": "/nix/store/7qgg0grjp5602fll4hqi1sxgsbcrmc7i-awscli2-2.35.11-dist"
            }
          ],
          "store_path": "/nix/store/z1ysa2s6scdd2w8galqq10b78sv4kmyn-awscli2-2.35.11"
        },
        "x86_64-linux": {
          "outputs": [
            {
              "name": "out",
              "path": "/nix/store/b305hhnmsdzxbq7fbcjrdps6kwyw3cm2-awscli2-2.35.11",
              "default": true
            },
            {
              "name": "dist",
              "path": "/nix/store/3qyb1r1a81b4v709r44hvjsyr67y0iqr-awscli2-2.35.11-dist"
            }
          ],
          "store_path": "/nix/store/b305hhnmsdzxbq7fbcjrdps6kwyw3cm2-awscli2-2.35.11"
        }
      }
    },
    "git@2.55.0": {
      "last_modified": "2026-09-27T03:42:02Z",
      "resolved": "github:NixOS/nixpkgs/8d5d270900d3fc75655ea2d9d248b234f6631439#git",
      "source": "devbox-search",
      "version": "2.55.0",
      "systems": {
        "aarch64-darwin": {
          "outputs": [
            {
              "name": "out",
              "path": "/nix/store/304vhl9qr5774qkv5rrqa0xbg429j2kk-git-2.55.0",
              "default": true
            },
            {
              "name": "doc",
              "path": "/nix/store/bnl2gk1zzj4lshiykisi0z6y866xj7rn-git-2.55.0-doc"
            }
          ],
          "store_path": "/nix/store/304vhl9qr5774qkv5rrqa0xbg429j2kk-git-2.55.0"
        },
        "aarch64-linux": {
          "outputs": [
            {
              "name": "out",
              "path": "/nix/store/wnv9pqby90h45gyha0xwfp1blhmrrcv1-git-2.55.0",
              "default": true
            },
            {
              "name": "debug",
              "path": "/nix/store/ldxw9zf2xy8f6zbky0scjiqch10jdp7w-git-2.55.0-debug"
            },
            {
              "name": "doc",
              "path": "/nix/store/ka7q0r9bxnz0jmi2lh58qx5ijcd3lccf-git-2.55.0-doc"
            }
          ],
          "store_path": "/nix/store/wnv9pqby90h45gyha0xwfp1blhmrrcv1-git-2.55.0"
        },
        "x86_64-linux": {
          "outputs": [
            {
              "name": "out",
              "path": "/nix/store/msr1v91ybfw6j12rs5mfl8ghb2rqsnsr-git-2.55.0",
              "default": true
            },
            {
              "name": "debug",
              "path": "/nix/store/kad4xijqzqlxmrsl730d2kg62jnljvih-git-2.55.0-debug"
            },
            {
              "name": "doc",
              "path": "/nix/store/b3f5zvzp33c79pa6pdpyg7kc9hah1826-git-2.55.0-doc"
            }
          ],
          "store_path": "/nix/store/msr1v91ybfw6j12rs5mfl8ghb2rqsnsr-git-2.55.0"
        }
      }
    },
    "github:NixOS/nixpkgs/nixpkgs-unstable": {
      "last_modified": "2026-09-27T11:55:07Z",
      "resolved": "github:NixOS/nixpkgs/3181085bfd08663b6b9e60bc7a8395c2aaa741bd?lastModified=1790510107&narHash=sha256-EVMNYv7hYDDD9TGVT%2FhIyTYgpiXA8y3m5xIEIxuGNU0%3D"
    },
    "google-cloud-sdk@581.0.0": {
      "last_modified": "2026-09-13T01:58:51Z",
      "resolved": "github:NixOS/nixpkgs/02f5696b0e6097e589076d886b317b83ff0437d7#google-cloud-sdk",
      "source": "devbox-search",
      "version": "581.0.0",
      "systems": {
        "aarch64-darwin": {
          "outputs": [
            {
              "name": "out",
              "path": "/nix/store/ki0l8avm0gid6slq0h4dwnrfxcxmpj1v-google-cloud-sdk-581.0.0",
              "default": true
            }
          ],
          "store_path": "/nix/store/ki0l8avm0gid6slq0h4dwnrfxcxmpj1v-google-cloud-sdk-581.0.0"
        },
        "aarch64-linux": {
          "outputs": [
            {
              "name": "out",
              "path": "/nix/store/gv0mybw2v9dfc2nncn4mg3d4h2blgcgs-google-cloud-sdk-581.0.0",
              "default": true
            }
          ],
          "store_path": "/nix/store/gv0mybw2v9dfc2nncn4mg3d4h2blgcgs-google-cloud-sdk-581.0.0"
        },
        "x86_64-linux": {
          "outputs": [
            {
              "name": "out",
              "path": "/nix/store/rnvrqn4ix95zygb22zwr8f4pn14s8cfb-google-cloud-sdk-581.0.0",
              "default": true
            }
          ],
          "store_path": "/nix/store/rnvrqn4ix95zygb22zwr8f4pn14s8cfb-google-cloud-sdk-581.0.0"
        }
      }
    },
    "just@1.58.0": {
      "last_modified": "2026-09-27T03:42:02Z",
      "resolved": "github:NixOS/nixpkgs/8d5d270900d3fc75655ea2d9d248b234f6631439#just",
      "source": "devbox-search",
      "version": "1.58.0",
      "systems": {
        "aarch64-darwin": {
          "outputs": [
            {
              "name": "out",
              "path": "/nix/store/kcyk3qjxrxbqv110yz408277m1i55faf-just-1.58.0",
              "default": true
            },
            {
              "name": "man",
              "path": "/nix/store/s8abw9ifkmxk79z8zpn6zm9zrpbmh9zb-just-1.58.0-man",
              "default": true
            },
            {
              "name": "doc",
              "path": "/nix/store/wfs31mbwslvi17fxswf81x0a83qcmnyq-just-1.58.0-doc"
            }
          ],
          "store_path": "/nix/store/kcyk3qjxrxbqv110yz408277m1i55faf-just-1.58.0"
        },
        "aarch64-linux": {
          "outputs": [
            {
              "name": "out",
              "path": "/nix/store/2wdl8204rm1sgd31hxf24ykgw0jhrfnd-just-1.58.0",
              "default": true
            },
            {
              "name": "man",
              "path": "/nix/store/abh0yba8y6lk945hg6b0lq5g6vgai225-just-1.58.0-man",
              "default": true
            },
            {
              "name": "doc",
              "path": "/nix/store/pvgg8yxzhgld6kmy58bd4qxyihc87w1r-just-1.58.0-doc"
            }
          ],
          "store_path": "/nix/store/2wdl8204rm1sgd31hxf24ykgw0jhrfnd-just-1.58.0"
        },
        "x86_64-linux": {
          "outputs": [
            {
              "name": "out",
              "path": "/nix/store/nvydswi7ickfaim3l29afrm2238fjzlv-just-1.58.0",
              "default": true
            },
            {
              "name": "man",
              "path": "/nix/store/ihi5s36gfidvbf6wrymh0z6qjb69bvhx-just-1.58.0-man",
              "default": true
            },
            {
              "name": "doc",
              "path": "/nix/store/3kkygdf8x15png0ghk45r2g8px981zrd-just-1.58.0-doc"
            }
          ],
          "store_path": "/nix/store/nvydswi7ickfaim3l29afrm2238fjzlv-just-1.58.0"
        }
      }
    },
    "packer@1.15.4": {
      "last_modified": "2026-09-27T03:42:02Z",
      "resolved": "github:NixOS/nixpkgs/8d5d270900d3fc75655ea2d9d248b234f6631439#packer",
      "source": "devbox-search",
      "version": "1.15.4",
      "systems": {
        "aarch64-darwin": {
          "outputs": [
            {
              "name": "out",
              "path": "/nix/store/1y7ahfmws5syj7l9k8q6h77kypvsryq5-packer-1.15.4",
              "default": true
            }
          ],
          "store_path": "/nix/store/1y7ahfmws5syj7l9k8q6h77kypvsryq5-packer-1.15.4"
        },
        "aarch64-linux": {
          "outputs": [
            {
              "name": "out",
              "path": "/nix/store/2yqkc16dyzq1cvgxwbbpkd28dqx894yq-packer-1.15.4",
              "default": true
            }
          ],
          "store_path": "/nix/store/2yqkc16dyzq1cvgxwbbpkd28dqx894yq-packer-1.15.4"
        },
        "x86_64-darwin": {
          "outputs": [
            {
              "name": "out",
              "path": "/nix/store/npyph52ys6yrgcz53nr3qj8x79gn9nlf-packer-1.15.4",
              "default": true
            }
          ],
          "store_path": "/nix/store/npyph52ys6yrgcz53nr3qj8x79gn9nlf-packer-1.15.4"
        },
        "x86_64-linux": {
          "outputs": [
            {
              "name": "out",
              "path": "/nix/store/y524dxgh297w8slfrjs6phmybr33nshr-packer-1.15.4",
              "default": true
            }
          ],
          "store_path": "/nix/store/y524dxgh297w8slfrjs6phmybr33nshr-packer-1.15.4"
        }
      }
    },
    "python@latest": {
      "last_modified": "2026-09-27T03:42:02Z",
      "plugin_version": "0.0.5",
      "resolved": "github:NixOS/nixpkgs/8d5d270900d3fc75655ea2d9d248b234f6631439#python3",
      "source": "devbox-search",
      "version": "3.14.7",
      "systems": {
        "aarch64-darwin": {
          "outputs": [
            {
              "name": "out",
              "path": "/nix/store/4l8r0s2r5fna7src82b5fc2hixdvfyw0-python3-3.14.7",
              "default": true
            }
          ],
          "store_path": "/nix/store/4l8r0s2r5fna7src82b5fc2hixdvfyw0-python3-3.14.7"
        },
        "aarch64-linux": {
          "outputs": [
            {
              "name": "out",
              "path": "/nix/store/3fl7bdkdxk2k4nssy1d1161isbzn6bsr-python3-3.14.7",
              "default": true
            },
            {
              "name": "debug",
              "path": "/nix/store/zvk2q8scqjggfzj45pwlhcynmm298qa1-python3-3.14.7-debug"
            }
          ],
          "store_path": "/nix/store/3fl7bdkdxk2k4nssy1d1161isbzn6bsr-python3-3.14.7"
        },
        "x86_64-linux": {
          "outputs": [
            {
              "name": "out",
              "path": "/nix/store/d64q19q1xjdwfhqx6czvrjgrhq0n3lcc-python3-3.14.7",
              "default": true
            },
            {
              "name": "debug",
              "path": "/nix/store/ys443a0qz8b8c9wb4mxc42ni49i5v63p-python3-3.14.7-debug"
            }
          ],
          "store_path": "/nix/store/d64q19q1xjdwfhqx6czvrjgrhq0n3lcc-python3-3.14.7"
        }
      }
    },
    "qemu@11.1.0": {
      "last_modified": "2026-09-19T18:56:16Z",
      "resolved": "github:NixOS/nixpkgs/79b35bf0bda5cd110f856aa5b5b2c5ba4460dbf5#qemu",
      "source": "devbox-search",
      "version": "11.1.0",
      "systems": {
        "aarch64-darwin": {
          "outputs": [
            {
              "name": "out",
              "path": "/nix/store/9314hmf6psz3wj7cdlkzbphsqh31dmgq-qemu-11.1.0",
              "default": true
            },
            {
              "name": "doc",
              "path": "/nix/store/3jvkybrfyqpwpr8s7mz840gdmwmsdlz1-qemu-11.1.0-doc"
            }
          ],
          "store_path": "/nix/store/9314hmf6psz3wj7cdlkzbphsqh31dmgq-qemu-11.1.0"
        },
        "aarch64-linux": {
          "outputs": [
            {
              "name": "out",
              "path": "/nix/store/m9dify7w6cdgm9lf0hrwvhxhkg0w7x72-qemu-11.1.0",
              "default": true
            },
            {
              "name": "debug",
              "path": "/nix/store/xasvjkxwcpny678kyblhc9399xnarx8m-qemu-11.1.0-debug"
            },
            {
              "name": "doc",
              "path": "/nix/store/n4j8c0ggpv7w75kfglrcwpynmz29i4bm-qemu-11.1.0-doc"
            },
            {
              "name": "ga",
              "path": "/nix/store/6rf207cbplrlzd3k8s9rqwvw0blv3qaj-qemu-11.1.0-ga"
            }
          ],
          "store_path": "/nix/store/m9dify7w6cdgm9lf0hrwvhxhkg0w7x72-qemu-11.1.0"
        },
        "x86_64-linux": {
          "outputs": [
            {
              "name": "out",
              "path": "/nix/store/glylmrad7ipgfi9jih2gqjnzzjgxqbwb-qemu-11.1.0",
              "default": true
            },
            {
              "name": "debug",
              "path": "/nix/store/qs9d57wi3vnbplvylabgqqwphpmpq9ps-qemu-11.1.0-debug"
            },
            {
              "name": "doc",
              "path": "/nix/store/50afzz0d1m0yriij704q16bmjmpwp9p8-qemu-11.1.0-doc"
            },
            {
              "name": "ga",
              "path": "/nix/store/g8xff132y63kb4ikla2k6fma9rsygrl5-qemu-11.1.0-ga"
            }
          ],
          "store_path": "/nix/store/glylmrad7ipgfi9jih2gqjnzzjgxqbwb-qemu-11.1.0"
        }
      }
    }
  }
}
